// !$*UTF8*$!
{
	archiveVersion = 1;
	classes = {
	};
	objectVersion = 48;
	objects = {

/* Begin PBXBuildFile section */
		D6A93FCF2072262800E8C33A /* AppDelegate.swift in Sources */ = {isa = PBXBuildFile; fileRef = D6A93FCE2072262800E8C33A /* AppDelegate.swift */; };
		D6A93FD12072262800E8C33A /* ViewController.swift in Sources */ = {isa = PBXBuildFile; fileRef = D6A93FD02072262800E8C33A /* ViewController.swift */; };
		D6A93FD42072262800E8C33A /* Main.storyboard in Resources */ = {isa = PBXBuildFile; fileRef = D6A93FD22072262800E8C33A /* Main.storyboard */; };
		D6A93FD62072262800E8C33A /* Assets.xcassets in Resources */ = {isa = PBXBuildFile; fileRef = D6A93FD52072262800E8C33A /* Assets.xcassets */; };
		D6A93FD92072262800E8C33A /* LaunchScreen.storyboard in Resources */ = {isa = PBXBuildFile; fileRef = D6A93FD72072262800E8C33A /* LaunchScreen.storyboard */; };
		D6A93FE9207227DF00E8C33A /* libiconv.tbd in Frameworks */ = {isa = PBXBuildFile; fileRef = D6A93FE8207227DF00E8C33A /* libiconv.tbd */; };
		D6A93FEB207227F000E8C33A /* libc++.tbd in Frameworks */ = {isa = PBXBuildFile; fileRef = D6A93FEA207227F000E8C33A /* libc++.tbd */; };
		D6A93FED207227FC00E8C33A /* CoreMedia.framework in Frameworks */ = {isa = PBXBuildFile; fileRef = D6A93FEC207227FC00E8C33A /* CoreMedia.framework */; };
		D6A93FEF2072280500E8C33A /* CoreTelephony.framework in Frameworks */ = {isa = PBXBuildFile; fileRef = D6A93FEE2072280500E8C33A /* CoreTelephony.framework */; };
		D6A93FF12072281000E8C33A /* VideoToolbox.framework in Frameworks */ = {isa = PBXBuildFile; fileRef = D6A93FF02072281000E8C33A /* VideoToolbox.framework */; };
		D6A93FF32072281A00E8C33A /* AudioToolbox.framework in Frameworks */ = {isa = PBXBuildFile; fileRef = D6A93FF22072281A00E8C33A /* AudioToolbox.framework */; };
		D6A93FF52072282500E8C33A /* Security.framework in Frameworks */ = {isa = PBXBuildFile; fileRef = D6A93FF42072282500E8C33A /* Security.framework */; };
		D6A93FF72072282F00E8C33A /* SystemConfiguration.framework in Frameworks */ = {isa = PBXBuildFile; fileRef = D6A93FF62072282F00E8C33A /* SystemConfiguration.framework */; };
		D6A93FF92072283800E8C33A /* AVFoundation.framework in Frameworks */ = {isa = PBXBuildFile; fileRef = D6A93FF82072283800E8C33A /* AVFoundation.framework */; };
		D6A94001207234D400E8C33A /* AppDelegate.swift in Sources */ = {isa = PBXBuildFile; fileRef = D6A94000207234D400E8C33A /* AppDelegate.swift */; };
		D6A94003207234D400E8C33A /* ViewController.swift in Sources */ = {isa = PBXBuildFile; fileRef = D6A94002207234D400E8C33A /* ViewController.swift */; };
		D6A94006207234D400E8C33A /* Main.storyboard in Resources */ = {isa = PBXBuildFile; fileRef = D6A94004207234D400E8C33A /* Main.storyboard */; };
		D6A94008207234D400E8C33A /* Assets.xcassets in Resources */ = {isa = PBXBuildFile; fileRef = D6A94007207234D400E8C33A /* Assets.xcassets */; };
		D6A9400B207234D400E8C33A /* LaunchScreen.storyboard in Resources */ = {isa = PBXBuildFile; fileRef = D6A94009207234D400E8C33A /* LaunchScreen.storyboard */; };
		D6A94016207234D400E8C33A /* ZEGO__Tests.swift in Sources */ = {isa = PBXBuildFile; fileRef = D6A94015207234D400E8C33A /* ZEGO__Tests.swift */; };
		D6A94021207234D500E8C33A /* ZEGO__UITests.swift in Sources */ = {isa = PBXBuildFile; fileRef = D6A94020207234D400E8C33A /* ZEGO__UITests.swift */; };
		D6A94031207235B000E8C33A /* libiconv.tbd in Frameworks */ = {isa = PBXBuildFile; fileRef = D6A93FE8207227DF00E8C33A /* libiconv.tbd */; };
		D6A94032207235B900E8C33A /* libc++.tbd in Frameworks */ = {isa = PBXBuildFile; fileRef = D6A93FEA207227F000E8C33A /* libc++.tbd */; };
		D6A94033207235C200E8C33A /* CoreMedia.framework in Frameworks */ = {isa = PBXBuildFile; fileRef = D6A93FEC207227FC00E8C33A /* CoreMedia.framework */; };
		D6A94034207235CB00E8C33A /* CoreTelephony.framework in Frameworks */ = {isa = PBXBuildFile; fileRef = D6A93FEE2072280500E8C33A /* CoreTelephony.framework */; };
		D6A94035207235D500E8C33A /* VideoToolbox.framework in Frameworks */ = {isa = PBXBuildFile; fileRef = D6A93FF02072281000E8C33A /* VideoToolbox.framework */; };
		D6A94036207235DE00E8C33A /* AudioToolbox.framework in Frameworks */ = {isa = PBXBuildFile; fileRef = D6A93FF22072281A00E8C33A /* AudioToolbox.framework */; };
		D6A94037207235E700E8C33A /* Security.framework in Frameworks */ = {isa = PBXBuildFile; fileRef = D6A93FF42072282500E8C33A /* Security.framework */; };
		D6A94038207235F100E8C33A /* SystemConfiguration.framework in Frameworks */ = {isa = PBXBuildFile; fileRef = D6A93FF62072282F00E8C33A /* SystemConfiguration.framework */; };
		D6A94039207235F800E8C33A /* AVFoundation.framework in Frameworks */ = {isa = PBXBuildFile; fileRef = D6A93FF82072283800E8C33A /* AVFoundation.framework */; };
		D6A9403E207236C500E8C33A /* ZegoLiveRoom.framework in Frameworks */ = {isa = PBXBuildFile; fileRef = D6A9403D207236C500E8C33A /* ZegoLiveRoom.framework */; };
		D6A9403F207236C500E8C33A /* ZegoLiveRoom.framework in Frameworks */ = {isa = PBXBuildFile; fileRef = D6A9403D207236C500E8C33A /* ZegoLiveRoom.framework */; };
		D6A940402072377300E8C33A /* ZegoLiveRoom.framework in Frameworks */ = {isa = PBXBuildFile; fileRef = D6A9403D207236C500E8C33A /* ZegoLiveRoom.framework */; };
		D6A940412072377300E8C33A /* ZegoLiveRoom.framework in Embed Frameworks */ = {isa = PBXBuildFile; fileRef = D6A9403D207236C500E8C33A /* ZegoLiveRoom.framework */; settings = {ATTRIBUTES = (CodeSignOnCopy, RemoveHeadersOnCopy, ); }; };
		D6A94043207237CF00E8C33A /* ZegoLiveRoom.framework in Frameworks */ = {isa = PBXBuildFile; fileRef = D6A9403D207236C500E8C33A /* ZegoLiveRoom.framework */; };
		D6A94044207237CF00E8C33A /* ZegoLiveRoom.framework in Embed Frameworks */ = {isa = PBXBuildFile; fileRef = D6A9403D207236C500E8C33A /* ZegoLiveRoom.framework */; settings = {ATTRIBUTES = (CodeSignOnCopy, RemoveHeadersOnCopy, ); }; };
/* End PBXBuildFile section */

/* Begin PBXContainerItemProxy section */
		D6A94012207234D400E8C33A /* PBXContainerItemProxy */ = {
			isa = PBXContainerItemProxy;
			containerPortal = D6A93FC32072262800E8C33A /* Project object */;
			proxyType = 1;
			remoteGlobalIDString = D6A93FFD207234D400E8C33A;
			remoteInfo = "ZEGO测试";
		};
		D6A9401D207234D400E8C33A /* PBXContainerItemProxy */ = {
			isa = PBXContainerItemProxy;
			containerPortal = D6A93FC32072262800E8C33A /* Project object */;
			proxyType = 1;
			remoteGlobalIDString = D6A93FFD207234D400E8C33A;
			remoteInfo = "ZEGO测试";
		};
/* End PBXContainerItemProxy section */

/* Begin PBXCopyFilesBuildPhase section */
		D6A940422072377400E8C33A /* Embed Frameworks */ = {
			isa = PBXCopyFilesBuildPhase;
			buildActionMask = 2147483647;
			dstPath = "";
			dstSubfolderSpec = 10;
			files = (
				D6A940412072377300E8C33A /* ZegoLiveRoom.framework in Embed Frameworks */,
			);
			name = "Embed Frameworks";
			runOnlyForDeploymentPostprocessing = 0;
		};
		D6A94045207237CF00E8C33A /* Embed Frameworks */ = {
			isa = PBXCopyFilesBuildPhase;
			buildActionMask = 2147483647;
			dstPath = "";
			dstSubfolderSpec = 10;
			files = (
				D6A94044207237CF00E8C33A /* ZegoLiveRoom.framework in Embed Frameworks */,
			);
			name = "Embed Frameworks";
			runOnlyForDeploymentPostprocessing = 0;
		};
/* End PBXCopyFilesBuildPhase section */

/* Begin PBXFileReference section */
		D6A93FCB2072262800E8C33A /* ZEGOTest.app */ = {isa = PBXFileReference; explicitFileType = wrapper.application; includeInIndex = 0; path = ZEGOTest.app; sourceTree = BUILT_PRODUCTS_DIR; };
		D6A93FCE2072262800E8C33A /* AppDelegate.swift */ = {isa = PBXFileReference; lastKnownFileType = sourcecode.swift; path = AppDelegate.swift; sourceTree = "<group>"; };
		D6A93FD02072262800E8C33A /* ViewController.swift */ = {isa = PBXFileReference; lastKnownFileType = sourcecode.swift; path = ViewController.swift; sourceTree = "<group>"; };
		D6A93FD32072262800E8C33A /* Base */ = {isa = PBXFileReference; lastKnownFileType = file.storyboard; name = Base; path = Base.lproj/Main.storyboard; sourceTree = "<group>"; };
		D6A93FD52072262800E8C33A /* Assets.xcassets */ = {isa = PBXFileReference; lastKnownFileType = folder.assetcatalog; path = Assets.xcassets; sourceTree = "<group>"; };
		D6A93FD82072262800E8C33A /* Base */ = {isa = PBXFileReference; lastKnownFileType = file.storyboard; name = Base; path = Base.lproj/LaunchScreen.storyboard; sourceTree = "<group>"; };
		D6A93FDA2072262800E8C33A /* Info.plist */ = {isa = PBXFileReference; lastKnownFileType = text.plist.xml; path = Info.plist; sourceTree = "<group>"; };
		D6A93FE02072263E00E8C33A /* ZEGOTest-Bridging-Header.h */ = {isa = PBXFileReference; lastKnownFileType = sourcecode.c.h; path = "ZEGOTest-Bridging-Header.h"; sourceTree = "<group>"; };
		D6A93FE8207227DF00E8C33A /* libiconv.tbd */ = {isa = PBXFileReference; lastKnownFileType = "sourcecode.text-based-dylib-definition"; name = libiconv.tbd; path = usr/lib/libiconv.tbd; sourceTree = SDKROOT; };
		D6A93FEA207227F000E8C33A /* libc++.tbd */ = {isa = PBXFileReference; lastKnownFileType = "sourcecode.text-based-dylib-definition"; name = "libc++.tbd"; path = "usr/lib/libc++.tbd"; sourceTree = SDKROOT; };
		D6A93FEC207227FC00E8C33A /* CoreMedia.framework */ = {isa = PBXFileReference; lastKnownFileType = wrapper.framework; name = CoreMedia.framework; path = System/Library/Frameworks/CoreMedia.framework; sourceTree = SDKROOT; };
		D6A93FEE2072280500E8C33A /* CoreTelephony.framework */ = {isa = PBXFileReference; lastKnownFileType = wrapper.framework; name = CoreTelephony.framework; path = System/Library/Frameworks/CoreTelephony.framework; sourceTree = SDKROOT; };
		D6A93FF02072281000E8C33A /* VideoToolbox.framework */ = {isa = PBXFileReference; lastKnownFileType = wrapper.framework; name = VideoToolbox.framework; path = System/Library/Frameworks/VideoToolbox.framework; sourceTree = SDKROOT; };
		D6A93FF22072281A00E8C33A /* AudioToolbox.framework */ = {isa = PBXFileReference; lastKnownFileType = wrapper.framework; name = AudioToolbox.framework; path = System/Library/Frameworks/AudioToolbox.framework; sourceTree = SDKROOT; };
		D6A93FF42072282500E8C33A /* Security.framework */ = {isa = PBXFileReference; lastKnownFileType = wrapper.framework; name = Security.framework; path = System/Library/Frameworks/Security.framework; sourceTree = SDKROOT; };
		D6A93FF62072282F00E8C33A /* SystemConfiguration.framework */ = {isa = PBXFileReference; lastKnownFileType = wrapper.framework; name = SystemConfiguration.framework; path = System/Library/Frameworks/SystemConfiguration.framework; sourceTree = SDKROOT; };
		D6A93FF82072283800E8C33A /* AVFoundation.framework */ = {isa = PBXFileReference; lastKnownFileType = wrapper.framework; name = AVFoundation.framework; path = System/Library/Frameworks/AVFoundation.framework; sourceTree = SDKROOT; };
		D6A93FFE207234D400E8C33A /* ZEGO测试.app */ = {isa = PBXFileReference; explicitFileType = wrapper.application; includeInIndex = 0; path = "ZEGO测试.app"; sourceTree = BUILT_PRODUCTS_DIR; };
		D6A94000207234D400E8C33A /* AppDelegate.swift */ = {isa = PBXFileReference; lastKnownFileType = sourcecode.swift; path = AppDelegate.swift; sourceTree = "<group>"; };
		D6A94002207234D400E8C33A /* ViewController.swift */ = {isa = PBXFileReference; lastKnownFileType = sourcecode.swift; path = ViewController.swift; sourceTree = "<group>"; };
		D6A94005207234D400E8C33A /* Base */ = {isa = PBXFileReference; lastKnownFileType = file.storyboard; name = Base; path = Base.lproj/Main.storyboard; sourceTree = "<group>"; };
		D6A94007207234D400E8C33A /* Assets.xcassets */ = {isa = PBXFileReference; lastKnownFileType = folder.assetcatalog; path = Assets.xcassets; sourceTree = "<group>"; };
		D6A9400A207234D400E8C33A /* Base */ = {isa = PBXFileReference; lastKnownFileType = file.storyboard; name = Base; path = Base.lproj/LaunchScreen.storyboard; sourceTree = "<group>"; };
		D6A9400C207234D400E8C33A /* Info.plist */ = {isa = PBXFileReference; lastKnownFileType = text.plist.xml; path = Info.plist; sourceTree = "<group>"; };
		D6A94011207234D400E8C33A /* ZEGO测试Tests.xctest */ = {isa = PBXFileReference; explicitFileType = wrapper.cfbundle; includeInIndex = 0; path = "ZEGO测试Tests.xctest"; sourceTree = BUILT_PRODUCTS_DIR; };
		D6A94015207234D400E8C33A /* ZEGO__Tests.swift */ = {isa = PBXFileReference; lastKnownFileType = sourcecode.swift; path = ZEGO__Tests.swift; sourceTree = "<group>"; };
		D6A94017207234D400E8C33A /* Info.plist */ = {isa = PBXFileReference; lastKnownFileType = text.plist.xml; path = Info.plist; sourceTree = "<group>"; };
		D6A9401C207234D400E8C33A /* ZEGO测试UITests.xctest */ = {isa = PBXFileReference; explicitFileType = wrapper.cfbundle; includeInIndex = 0; path = "ZEGO测试UITests.xctest"; sourceTree = BUILT_PRODUCTS_DIR; };
		D6A94020207234D400E8C33A /* ZEGO__UITests.swift */ = {isa = PBXFileReference; lastKnownFileType = sourcecode.swift; path = ZEGO__UITests.swift; sourceTree = "<group>"; };
		D6A94022207234D500E8C33A /* Info.plist */ = {isa = PBXFileReference; lastKnownFileType = text.plist.xml; path = Info.plist; sourceTree = "<group>"; };
		D6A9402C2072352F00E8C33A /* ZEGO测试-Bridging-Header.h */ = {isa = PBXFileReference; lastKnownFileType = sourcecode.c.h; path = "ZEGO测试-Bridging-Header.h"; sourceTree = "<group>"; };
		D6A9403D207236C500E8C33A /* ZegoLiveRoom.framework */ = {isa = PBXFileReference; lastKnownFileType = wrapper.framework; path = ZegoLiveRoom.framework; sourceTree = "<group>"; };
/* End PBXFileReference section */

/* Begin PBXFrameworksBuildPhase section */
		D6A93FC82072262800E8C33A /* Frameworks */ = {
			isa = PBXFrameworksBuildPhase;
			buildActionMask = 2147483647;
			files = (
				D6A93FF92072283800E8C33A /* AVFoundation.framework in Frameworks */,
				D6A93FF72072282F00E8C33A /* SystemConfiguration.framework in Frameworks */,
				D6A93FF52072282500E8C33A /* Security.framework in Frameworks */,
				D6A93FF32072281A00E8C33A /* AudioToolbox.framework in Frameworks */,
				D6A93FF12072281000E8C33A /* VideoToolbox.framework in Frameworks */,
				D6A93FEF2072280500E8C33A /* CoreTelephony.framework in Frameworks */,
				D6A9403E207236C500E8C33A /* ZegoLiveRoom.framework in Frameworks */,
				D6A93FED207227FC00E8C33A /* CoreMedia.framework in Frameworks */,
				D6A94043207237CF00E8C33A /* ZegoLiveRoom.framework in Frameworks */,
				D6A93FEB207227F000E8C33A /* libc++.tbd in Frameworks */,
				D6A93FE9207227DF00E8C33A /* libiconv.tbd in Frameworks */,
			);
			runOnlyForDeploymentPostprocessing = 0;
		};
		D6A93FFB207234D400E8C33A /* Frameworks */ = {
			isa = PBXFrameworksBuildPhase;
			buildActionMask = 2147483647;
			files = (
				D6A94039207235F800E8C33A /* AVFoundation.framework in Frameworks */,
				D6A94038207235F100E8C33A /* SystemConfiguration.framework in Frameworks */,
				D6A94037207235E700E8C33A /* Security.framework in Frameworks */,
				D6A94036207235DE00E8C33A /* AudioToolbox.framework in Frameworks */,
				D6A94035207235D500E8C33A /* VideoToolbox.framework in Frameworks */,
				D6A94034207235CB00E8C33A /* CoreTelephony.framework in Frameworks */,
				D6A9403F207236C500E8C33A /* ZegoLiveRoom.framework in Frameworks */,
				D6A94033207235C200E8C33A /* CoreMedia.framework in Frameworks */,
				D6A940402072377300E8C33A /* ZegoLiveRoom.framework in Frameworks */,
				D6A94032207235B900E8C33A /* libc++.tbd in Frameworks */,
				D6A94031207235B000E8C33A /* libiconv.tbd in Frameworks */,
			);
			runOnlyForDeploymentPostprocessing = 0;
		};
		D6A9400E207234D400E8C33A /* Frameworks */ = {
			isa = PBXFrameworksBuildPhase;
			buildActionMask = 2147483647;
			files = (
			);
			runOnlyForDeploymentPostprocessing = 0;
		};
		D6A94019207234D400E8C33A /* Frameworks */ = {
			isa = PBXFrameworksBuildPhase;
			buildActionMask = 2147483647;
			files = (
			);
			runOnlyForDeploymentPostprocessing = 0;
		};
/* End PBXFrameworksBuildPhase section */

/* Begin PBXGroup section */
		D6A93FC22072262800E8C33A = {
			isa = PBXGroup;
			children = (
				D6A93FE42072265300E8C33A /* ZegoLiveTool */,
				D6A93FCD2072262800E8C33A /* ZEGOTest */,
				D6A93FFF207234D400E8C33A /* ZEGO测试 */,
				D6A94014207234D400E8C33A /* ZEGO测试Tests */,
				D6A9401F207234D400E8C33A /* ZEGO测试UITests */,
				D6A93FCC2072262800E8C33A /* Products */,
				D6A93FE7207227DF00E8C33A /* Frameworks */,
			);
			sourceTree = "<group>";
		};
		D6A93FCC2072262800E8C33A /* Products */ = {
			isa = PBXGroup;
			children = (
				D6A93FCB2072262800E8C33A /* ZEGOTest.app */,
				D6A93FFE207234D400E8C33A /* ZEGO测试.app */,
				D6A94011207234D400E8C33A /* ZEGO测试Tests.xctest */,
				D6A9401C207234D400E8C33A /* ZEGO测试UITests.xctest */,
			);
			name = Products;
			sourceTree = "<group>";
		};
		D6A93FCD2072262800E8C33A /* ZEGOTest */ = {
			isa = PBXGroup;
			children = (
				D6A93FCE2072262800E8C33A /* AppDelegate.swift */,
				D6A93FD02072262800E8C33A /* ViewController.swift */,
				D6A93FD22072262800E8C33A /* Main.storyboard */,
				D6A93FD52072262800E8C33A /* Assets.xcassets */,
				D6A93FD72072262800E8C33A /* LaunchScreen.storyboard */,
				D6A93FDA2072262800E8C33A /* Info.plist */,
				D6A93FE02072263E00E8C33A /* ZEGOTest-Bridging-Header.h */,
			);
			path = ZEGOTest;
			sourceTree = "<group>";
		};
		D6A93FE42072265300E8C33A /* ZegoLiveTool */ = {
			isa = PBXGroup;
			children = (
				D6A9403D207236C500E8C33A /* ZegoLiveRoom.framework */,
			);
			path = ZegoLiveTool;
			sourceTree = "<group>";
		};
		D6A93FE7207227DF00E8C33A /* Frameworks */ = {
			isa = PBXGroup;
			children = (
				D6A93FF82072283800E8C33A /* AVFoundation.framework */,
				D6A93FF62072282F00E8C33A /* SystemConfiguration.framework */,
				D6A93FF42072282500E8C33A /* Security.framework */,
				D6A93FF22072281A00E8C33A /* AudioToolbox.framework */,
				D6A93FF02072281000E8C33A /* VideoToolbox.framework */,
				D6A93FEE2072280500E8C33A /* CoreTelephony.framework */,
				D6A93FEC207227FC00E8C33A /* CoreMedia.framework */,
				D6A93FEA207227F000E8C33A /* libc++.tbd */,
				D6A93FE8207227DF00E8C33A /* libiconv.tbd */,
			);
			name = Frameworks;
			sourceTree = "<group>";
		};
		D6A93FFF207234D400E8C33A /* ZEGO测试 */ = {
			isa = PBXGroup;
			children = (
				D6A94000207234D400E8C33A /* AppDelegate.swift */,
				D6A94002207234D400E8C33A /* ViewController.swift */,
				D6A94004207234D400E8C33A /* Main.storyboard */,
				D6A94007207234D400E8C33A /* Assets.xcassets */,
				D6A94009207234D400E8C33A /* LaunchScreen.storyboard */,
				D6A9400C207234D400E8C33A /* Info.plist */,
				D6A9402C2072352F00E8C33A /* ZEGO测试-Bridging-Header.h */,
			);
			path = "ZEGO测试";
			sourceTree = "<group>";
		};
		D6A94014207234D400E8C33A /* ZEGO测试Tests */ = {
			isa = PBXGroup;
			children = (
				D6A94015207234D400E8C33A /* ZEGO__Tests.swift */,
				D6A94017207234D400E8C33A /* Info.plist */,
			);
			path = "ZEGO测试Tests";
			sourceTree = "<group>";
		};
		D6A9401F207234D400E8C33A /* ZEGO测试UITests */ = {
			isa = PBXGroup;
			children = (
				D6A94020207234D400E8C33A /* ZEGO__UITests.swift */,
				D6A94022207234D500E8C33A /* Info.plist */,
			);
			path = "ZEGO测试UITests";
			sourceTree = "<group>";
		};
/* End PBXGroup section */

/* Begin PBXNativeTarget section */
		D6A93FCA2072262800E8C33A /* ZEGOTest */ = {
			isa = PBXNativeTarget;
			buildConfigurationList = D6A93FDD2072262800E8C33A /* Build configuration list for PBXNativeTarget "ZEGOTest" */;
			buildPhases = (
				D6A93FC72072262800E8C33A /* Sources */,
				D6A93FC82072262800E8C33A /* Frameworks */,
				D6A93FC92072262800E8C33A /* Resources */,
				D6A94045207237CF00E8C33A /* Embed Frameworks */,
			);
			buildRules = (
			);
			dependencies = (
			);
			name = ZEGOTest;
			productName = ZEGOTest;
			productReference = D6A93FCB2072262800E8C33A /* ZEGOTest.app */;
			productType = "com.apple.product-type.application";
		};
		D6A93FFD207234D400E8C33A /* ZEGO测试 */ = {
			isa = PBXNativeTarget;
			buildConfigurationList = D6A94023207234D500E8C33A /* Build configuration list for PBXNativeTarget "ZEGO测试" */;
			buildPhases = (
				D6A93FFA207234D400E8C33A /* Sources */,
				D6A93FFB207234D400E8C33A /* Frameworks */,
				D6A93FFC207234D400E8C33A /* Resources */,
				D6A940422072377400E8C33A /* Embed Frameworks */,
			);
			buildRules = (
			);
			dependencies = (
			);
			name = "ZEGO测试";
			productName = "ZEGO测试";
			productReference = D6A93FFE207234D400E8C33A /* ZEGO测试.app */;
			productType = "com.apple.product-type.application";
		};
		D6A94010207234D400E8C33A /* ZEGO测试Tests */ = {
			isa = PBXNativeTarget;
			buildConfigurationList = D6A94026207234D500E8C33A /* Build configuration list for PBXNativeTarget "ZEGO测试Tests" */;
			buildPhases = (
				D6A9400D207234D400E8C33A /* Sources */,
				D6A9400E207234D400E8C33A /* Frameworks */,
				D6A9400F207234D400E8C33A /* Resources */,
			);
			buildRules = (
			);
			dependencies = (
				D6A94013207234D400E8C33A /* PBXTargetDependency */,
			);
			name = "ZEGO测试Tests";
			productName = "ZEGO测试Tests";
			productReference = D6A94011207234D400E8C33A /* ZEGO测试Tests.xctest */;
			productType = "com.apple.product-type.bundle.unit-test";
		};
		D6A9401B207234D400E8C33A /* ZEGO测试UITests */ = {
			isa = PBXNativeTarget;
			buildConfigurationList = D6A94029207234D500E8C33A /* Build configuration list for PBXNativeTarget "ZEGO测试UITests" */;
			buildPhases = (
				D6A94018207234D400E8C33A /* Sources */,
				D6A94019207234D400E8C33A /* Frameworks */,
				D6A9401A207234D400E8C33A /* Resources */,
			);
			buildRules = (
			);
			dependencies = (
				D6A9401E207234D400E8C33A /* PBXTargetDependency */,
			);
			name = "ZEGO测试UITests";
			productName = "ZEGO测试UITests";
			productReference = D6A9401C207234D400E8C33A /* ZEGO测试UITests.xctest */;
			productType = "com.apple.product-type.bundle.ui-testing";
		};
/* End PBXNativeTarget section */

/* Begin PBXProject section */
		D6A93FC32072262800E8C33A /* Project object */ = {
			isa = PBXProject;
			attributes = {
				LastSwiftUpdateCheck = 0920;
				LastUpgradeCheck = 0920;
				ORGANIZATIONNAME = "赵宏亚";
				TargetAttributes = {
					D6A93FCA2072262800E8C33A = {
						CreatedOnToolsVersion = 9.2;
						LastSwiftMigration = 0920;
						ProvisioningStyle = Automatic;
					};
					D6A93FFD207234D400E8C33A = {
						CreatedOnToolsVersion = 9.2;
						LastSwiftMigration = 0920;
						ProvisioningStyle = Automatic;
					};
					D6A94010207234D400E8C33A = {
						CreatedOnToolsVersion = 9.2;
						ProvisioningStyle = Automatic;
						TestTargetID = D6A93FFD207234D400E8C33A;
					};
					D6A9401B207234D400E8C33A = {
						CreatedOnToolsVersion = 9.2;
						ProvisioningStyle = Automatic;
						TestTargetID = D6A93FFD207234D400E8C33A;
					};
				};
			};
			buildConfigurationList = D6A93FC62072262800E8C33A /* Build configuration list for PBXProject "ZEGOTest" */;
			compatibilityVersion = "Xcode 8.0";
			developmentRegion = en;
			hasScannedForEncodings = 0;
			knownRegions = (
				en,
				Base,
			);
			mainGroup = D6A93FC22072262800E8C33A;
			productRefGroup = D6A93FCC2072262800E8C33A /* Products */;
			projectDirPath = "";
			projectRoot = "";
			targets = (
				D6A93FCA2072262800E8C33A /* ZEGOTest */,
				D6A93FFD207234D400E8C33A /* ZEGO测试 */,
				D6A94010207234D400E8C33A /* ZEGO测试Tests */,
				D6A9401B207234D400E8C33A /* ZEGO测试UITests */,
			);
		};
/* End PBXProject section */

/* Begin PBXResourcesBuildPhase section */
		D6A93FC92072262800E8C33A /* Resources */ = {
			isa = PBXResourcesBuildPhase;
			buildActionMask = 2147483647;
			files = (
				D6A93FD92072262800E8C33A /* LaunchScreen.storyboard in Resources */,
				D6A93FD62072262800E8C33A /* Assets.xcassets in Resources */,
				D6A93FD42072262800E8C33A /* Main.storyboard in Resources */,
			);
			runOnlyForDeploymentPostprocessing = 0;
		};
		D6A93FFC207234D400E8C33A /* Resources */ = {
			isa = PBXResourcesBuildPhase;
			buildActionMask = 2147483647;
			files = (
				D6A9400B207234D400E8C33A /* LaunchScreen.storyboard in Resources */,
				D6A94008207234D400E8C33A /* Assets.xcassets in Resources */,
				D6A94006207234D400E8C33A /* Main.storyboard in Resources */,
			);
			runOnlyForDeploymentPostprocessing = 0;
		};
		D6A9400F207234D400E8C33A /* Resources */ = {
			isa = PBXResourcesBuildPhase;
			buildActionMask = 2147483647;
			files = (
			);
			runOnlyForDeploymentPostprocessing = 0;
		};
		D6A9401A207234D400E8C33A /* Resources */ = {
			isa = PBXResourcesBuildPhase;
			buildActionMask = 2147483647;
			files = (
			);
			runOnlyForDeploymentPostprocessing = 0;
		};
/* End PBXResourcesBuildPhase section */

/* Begin PBXSourcesBuildPhase section */
		D6A93FC72072262800E8C33A /* Sources */ = {
			isa = PBXSourcesBuildPhase;
			buildActionMask = 2147483647;
			files = (
				D6A93FD12072262800E8C33A /* ViewController.swift in Sources */,
				D6A93FCF2072262800E8C33A /* AppDelegate.swift in Sources */,
			);
			runOnlyForDeploymentPostprocessing = 0;
		};
		D6A93FFA207234D400E8C33A /* Sources */ = {
			isa = PBXSourcesBuildPhase;
			buildActionMask = 2147483647;
			files = (
				D6A94003207234D400E8C33A /* ViewController.swift in Sources */,
				D6A94001207234D400E8C33A /* AppDelegate.swift in Sources */,
			);
			runOnlyForDeploymentPostprocessing = 0;
		};
		D6A9400D207234D400E8C33A /* Sources */ = {
			isa = PBXSourcesBuildPhase;
			buildActionMask = 2147483647;
			files = (
				D6A94016207234D400E8C33A /* ZEGO__Tests.swift in Sources */,
			);
			runOnlyForDeploymentPostprocessing = 0;
		};
		D6A94018207234D400E8C33A /* Sources */ = {
			isa = PBXSourcesBuildPhase;
			buildActionMask = 2147483647;
			files = (
				D6A94021207234D500E8C33A /* ZEGO__UITests.swift in Sources */,
			);
			runOnlyForDeploymentPostprocessing = 0;
		};
/* End PBXSourcesBuildPhase section */

/* Begin PBXTargetDependency section */
		D6A94013207234D400E8C33A /* PBXTargetDependency */ = {
			isa = PBXTargetDependency;
			target = D6A93FFD207234D400E8C33A /* ZEGO测试 */;
			targetProxy = D6A94012207234D400E8C33A /* PBXContainerItemProxy */;
		};
		D6A9401E207234D400E8C33A /* PBXTargetDependency */ = {
			isa = PBXTargetDependency;
			target = D6A93FFD207234D400E8C33A /* ZEGO测试 */;
			targetProxy = D6A9401D207234D400E8C33A /* PBXContainerItemProxy */;
		};
/* End PBXTargetDependency section */

/* Begin PBXVariantGroup section */
		D6A93FD22072262800E8C33A /* Main.storyboard */ = {
			isa = PBXVariantGroup;
			children = (
				D6A93FD32072262800E8C33A /* Base */,
			);
			name = Main.storyboard;
			sourceTree = "<group>";
		};
		D6A93FD72072262800E8C33A /* LaunchScreen.storyboard */ = {
			isa = PBXVariantGroup;
			children = (
				D6A93FD82072262800E8C33A /* Base */,
			);
			name = LaunchScreen.storyboard;
			sourceTree = "<group>";
		};
		D6A94004207234D400E8C33A /* Main.storyboard */ = {
			isa = PBXVariantGroup;
			children = (
				D6A94005207234D400E8C33A /* Base */,
			);
			name = Main.storyboard;
			sourceTree = "<group>";
		};
		D6A94009207234D400E8C33A /* LaunchScreen.storyboard */ = {
			isa = PBXVariantGroup;
			children = (
				D6A9400A207234D400E8C33A /* Base */,
			);
			name = LaunchScreen.storyboard;
			sourceTree = "<group>";
		};
/* End PBXVariantGroup section */

/* Begin XCBuildConfiguration section */
		D6A93FDB2072262800E8C33A /* Debug */ = {
			isa = XCBuildConfiguration;
			buildSettings = {
				ALWAYS_SEARCH_USER_PATHS = NO;
				CLANG_ANALYZER_NONNULL = YES;
				CLANG_ANALYZER_NUMBER_OBJECT_CONVERSION = YES_AGGRESSIVE;
				CLANG_CXX_LANGUAGE_STANDARD = "gnu++14";
				CLANG_CXX_LIBRARY = "libc++";
				CLANG_ENABLE_MODULES = YES;
				CLANG_ENABLE_OBJC_ARC = YES;
				CLANG_WARN_BLOCK_CAPTURE_AUTORELEASING = YES;
				CLANG_WARN_BOOL_CONVERSION = YES;
				CLANG_WARN_COMMA = YES;
				CLANG_WARN_CONSTANT_CONVERSION = YES;
				CLANG_WARN_DIRECT_OBJC_ISA_USAGE = YES_ERROR;
				CLANG_WARN_DOCUMENTATION_COMMENTS = YES;
				CLANG_WARN_EMPTY_BODY = YES;
				CLANG_WARN_ENUM_CONVERSION = YES;
				CLANG_WARN_INFINITE_RECURSION = YES;
				CLANG_WARN_INT_CONVERSION = YES;
				CLANG_WARN_NON_LITERAL_NULL_CONVERSION = YES;
				CLANG_WARN_OBJC_LITERAL_CONVERSION = YES;
				CLANG_WARN_OBJC_ROOT_CLASS = YES_ERROR;
				CLANG_WARN_RANGE_LOOP_ANALYSIS = YES;
				CLANG_WARN_STRICT_PROTOTYPES = YES;
				CLANG_WARN_SUSPICIOUS_MOVE = YES;
				CLANG_WARN_UNGUARDED_AVAILABILITY = YES_AGGRESSIVE;
				CLANG_WARN_UNREACHABLE_CODE = YES;
				CLANG_WARN__DUPLICATE_METHOD_MATCH = YES;
				CODE_SIGN_IDENTITY = "iPhone Developer";
				COPY_PHASE_STRIP = NO;
				DEBUG_INFORMATION_FORMAT = dwarf;
				ENABLE_STRICT_OBJC_MSGSEND = YES;
				ENABLE_TESTABILITY = YES;
				GCC_C_LANGUAGE_STANDARD = gnu11;
				GCC_DYNAMIC_NO_PIC = NO;
				GCC_NO_COMMON_BLOCKS = YES;
				GCC_OPTIMIZATION_LEVEL = 0;
				GCC_PREPROCESSOR_DEFINITIONS = (
					"DEBUG=1",
					"$(inherited)",
				);
				GCC_WARN_64_TO_32_BIT_CONVERSION = YES;
				GCC_WARN_ABOUT_RETURN_TYPE = YES_ERROR;
				GCC_WARN_UNDECLARED_SELECTOR = YES;
				GCC_WARN_UNINITIALIZED_AUTOS = YES_AGGRESSIVE;
				GCC_WARN_UNUSED_FUNCTION = YES;
				GCC_WARN_UNUSED_VARIABLE = YES;
				IPHONEOS_DEPLOYMENT_TARGET = 11.2;
				MTL_ENABLE_DEBUG_INFO = YES;
				ONLY_ACTIVE_ARCH = YES;
				SDKROOT = iphoneos;
				SWIFT_ACTIVE_COMPILATION_CONDITIONS = DEBUG;
				SWIFT_OPTIMIZATION_LEVEL = "-Onone";
			};
			name = Debug;
		};
		D6A93FDC2072262800E8C33A /* Release */ = {
			isa = XCBuildConfiguration;
			buildSettings = {
				ALWAYS_SEARCH_USER_PATHS = NO;
				CLANG_ANALYZER_NONNULL = YES;
				CLANG_ANALYZER_NUMBER_OBJECT_CONVERSION = YES_AGGRESSIVE;
				CLANG_CXX_LANGUAGE_STANDARD = "gnu++14";
				CLANG_CXX_LIBRARY = "libc++";
				CLANG_ENABLE_MODULES = YES;
				CLANG_ENABLE_OBJC_ARC = YES;
				CLANG_WARN_BLOCK_CAPTURE_AUTORELEASING = YES;
				CLANG_WARN_BOOL_CONVERSION = YES;
				CLANG_WARN_COMMA = YES;
				CLANG_WARN_CONSTANT_CONVERSION = YES;
				CLANG_WARN_DIRECT_OBJC_ISA_USAGE = YES_ERROR;
				CLANG_WARN_DOCUMENTATION_COMMENTS = YES;
				CLANG_WARN_EMPTY_BODY = YES;
				CLANG_WARN_ENUM_CONVERSION = YES;
				CLANG_WARN_INFINITE_RECURSION = YES;
				CLANG_WARN_INT_CONVERSION = YES;
				CLANG_WARN_NON_LITERAL_NULL_CONVERSION = YES;
				CLANG_WARN_OBJC_LITERAL_CONVERSION = YES;
				CLANG_WARN_OBJC_ROOT_CLASS = YES_ERROR;
				CLANG_WARN_RANGE_LOOP_ANALYSIS = YES;
				CLANG_WARN_STRICT_PROTOTYPES = YES;
				CLANG_WARN_SUSPICIOUS_MOVE = YES;
				CLANG_WARN_UNGUARDED_AVAILABILITY = YES_AGGRESSIVE;
				CLANG_WARN_UNREACHABLE_CODE = YES;
				CLANG_WARN__DUPLICATE_METHOD_MATCH = YES;
				CODE_SIGN_IDENTITY = "iPhone Developer";
				COPY_PHASE_STRIP = NO;
				DEBUG_INFORMATION_FORMAT = "dwarf-with-dsym";
				ENABLE_NS_ASSERTIONS = NO;
				ENABLE_STRICT_OBJC_MSGSEND = YES;
				GCC_C_LANGUAGE_STANDARD = gnu11;
				GCC_NO_COMMON_BLOCKS = YES;
				GCC_WARN_64_TO_32_BIT_CONVERSION = YES;
				GCC_WARN_ABOUT_RETURN_TYPE = YES_ERROR;
				GCC_WARN_UNDECLARED_SELECTOR = YES;
				GCC_WARN_UNINITIALIZED_AUTOS = YES_AGGRESSIVE;
				GCC_WARN_UNUSED_FUNCTION = YES;
				GCC_WARN_UNUSED_VARIABLE = YES;
				IPHONEOS_DEPLOYMENT_TARGET = 11.2;
				MTL_ENABLE_DEBUG_INFO = NO;
				SDKROOT = iphoneos;
				SWIFT_OPTIMIZATION_LEVEL = "-Owholemodule";
				VALIDATE_PRODUCT = YES;
			};
			name = Release;
		};
		D6A93FDE2072262800E8C33A /* Debug */ = {
			isa = XCBuildConfiguration;
			buildSettings = {
				ASSETCATALOG_COMPILER_APPICON_NAME = AppIcon;
				CLANG_ENABLE_MODULES = YES;
				CODE_SIGN_STYLE = Automatic;
				DEVELOPMENT_TEAM = GM2EX5ALF4;
				ENABLE_BITCODE = NO;
				FRAMEWORK_SEARCH_PATHS = (
					"$(inherited)",
					"$(PROJECT_DIR)/ZEGOTest/ZegoLiveTool",
					"$(PROJECT_DIR)/ZegoLiveTool",
				);
				INFOPLIST_FILE = ZEGOTest/Info.plist;
				IPHONEOS_DEPLOYMENT_TARGET = 9.0;
				LD_RUNPATH_SEARCH_PATHS = "$(inherited) @executable_path/Frameworks";
				PRODUCT_BUNDLE_IDENTIFIER = zhaohongya.ZEGOTest;
				PRODUCT_NAME = "$(TARGET_NAME)";
				SWIFT_OBJC_BRIDGING_HEADER = "ZEGOTest/ZEGOTest-Bridging-Header.h";
				SWIFT_OPTIMIZATION_LEVEL = "-Onone";
				SWIFT_VERSION = 4.0;
				TARGETED_DEVICE_FAMILY = "1,2";
			};
			name = Debug;
		};
		D6A93FDF2072262800E8C33A /* Release */ = {
			isa = XCBuildConfiguration;
			buildSettings = {
				ASSETCATALOG_COMPILER_APPICON_NAME = AppIcon;
				CLANG_ENABLE_MODULES = YES;
				CODE_SIGN_STYLE = Automatic;
				DEVELOPMENT_TEAM = GM2EX5ALF4;
				ENABLE_BITCODE = NO;
				FRAMEWORK_SEARCH_PATHS = (
					"$(inherited)",
					"$(PROJECT_DIR)/ZEGOTest/ZegoLiveTool",
					"$(PROJECT_DIR)/ZegoLiveTool",
				);
				INFOPLIST_FILE = ZEGOTest/Info.plist;
				IPHONEOS_DEPLOYMENT_TARGET = 9.0;
				LD_RUNPATH_SEARCH_PATHS = "$(inherited) @executable_path/Frameworks";
				PRODUCT_BUNDLE_IDENTIFIER = zhaohongya.ZEGOTest;
				PRODUCT_NAME = "$(TARGET_NAME)";
				SWIFT_OBJC_BRIDGING_HEADER = "ZEGOTest/ZEGOTest-Bridging-Header.h";
				SWIFT_VERSION = 4.0;
				TARGETED_DEVICE_FAMILY = "1,2";
			};
			name = Release;
		};
		D6A94024207234D500E8C33A /* Debug */ = {
			isa = XCBuildConfiguration;
			buildSettings = {
				ASSETCATALOG_COMPILER_APPICON_NAME = AppIcon;
				CLANG_ENABLE_MODULES = YES;
				CODE_SIGN_STYLE = Automatic;
				DEVELOPMENT_TEAM = GM2EX5ALF4;
				ENABLE_BITCODE = NO;
				FRAMEWORK_SEARCH_PATHS = (
					"$(inherited)",
					"$(PROJECT_DIR)/ZegoLiveTool",
				);
				INFOPLIST_FILE = "ZEGO测试/Info.plist";
				IPHONEOS_DEPLOYMENT_TARGET = 9.0;
				LD_RUNPATH_SEARCH_PATHS = "$(inherited) @executable_path/Frameworks";
				PRODUCT_BUNDLE_IDENTIFIER = zhaohongya.ZEGOhaha;
				PRODUCT_NAME = "$(TARGET_NAME)";
				SWIFT_OBJC_BRIDGING_HEADER = "ZEGO测试/ZEGO测试-Bridging-Header.h";
				SWIFT_OPTIMIZATION_LEVEL = "-Onone";
				SWIFT_VERSION = 4.0;
				TARGETED_DEVICE_FAMILY = "1,2";
			};
			name = Debug;
		};
		D6A94025207234D500E8C33A /* Release */ = {
			isa = XCBuildConfiguration;
			buildSettings = {
				ASSETCATALOG_COMPILER_APPICON_NAME = AppIcon;
				CLANG_ENABLE_MODULES = YES;
				CODE_SIGN_STYLE = Automatic;
				DEVELOPMENT_TEAM = GM2EX5ALF4;
				ENABLE_BITCODE = NO;
				FRAMEWORK_SEARCH_PATHS = (
					"$(inherited)",
					"$(PROJECT_DIR)/ZegoLiveTool",
				);
				INFOPLIST_FILE = "ZEGO测试/Info.plist";
				IPHONEOS_DEPLOYMENT_TARGET = 9.0;
				LD_RUNPATH_SEARCH_PATHS = "$(inherited) @executable_path/Frameworks";
				PRODUCT_BUNDLE_IDENTIFIER = zhaohongya.ZEGOhaha;
				PRODUCT_NAME = "$(TARGET_NAME)";
				SWIFT_OBJC_BRIDGING_HEADER = "ZEGO测试/ZEGO测试-Bridging-Header.h";
				SWIFT_VERSION = 4.0;
				TARGETED_DEVICE_FAMILY = "1,2";
			};
			name = Release;
		};
		D6A94027207234D500E8C33A /* Debug */ = {
			isa = XCBuildConfiguration;
			buildSettings = {
				ALWAYS_EMBED_SWIFT_STANDARD_LIBRARIES = YES;
				BUNDLE_LOADER = "$(TEST_HOST)";
				CODE_SIGN_STYLE = Automatic;
				DEVELOPMENT_TEAM = GM2EX5ALF4;
				INFOPLIST_FILE = "ZEGO测试Tests/Info.plist";
				LD_RUNPATH_SEARCH_PATHS = "$(inherited) @executable_path/Frameworks @loader_path/Frameworks";
				PRODUCT_BUNDLE_IDENTIFIER = "zhaohongya.ZEGO--Tests";
				PRODUCT_NAME = "$(TARGET_NAME)";
				SWIFT_VERSION = 4.0;
				TARGETED_DEVICE_FAMILY = "1,2";
				TEST_HOST = "$(BUILT_PRODUCTS_DIR)/ZEGO测试.app/ZEGO测试";
			};
			name = Debug;
		};
		D6A94028207234D500E8C33A /* Release */ = {
			isa = XCBuildConfiguration;
			buildSettings = {
				ALWAYS_EMBED_SWIFT_STANDARD_LIBRARIES = YES;
				BUNDLE_LOADER = "$(TEST_HOST)";
				CODE_SIGN_STYLE = Automatic;
				DEVELOPMENT_TEAM = GM2EX5ALF4;
				INFOPLIST_FILE = "ZEGO测试Tests/Info.plist";
				LD_RUNPATH_SEARCH_PATHS = "$(inherited) @executable_path/Frameworks @loader_path/Frameworks";
				PRODUCT_BUNDLE_IDENTIFIER = "zhaohongya.ZEGO--Tests";
				PRODUCT_NAME = "$(TARGET_NAME)";
				SWIFT_VERSION = 4.0;
				TARGETED_DEVICE_FAMILY = "1,2";
				TEST_HOST = "$(BUILT_PRODUCTS_DIR)/ZEGO测试.app/ZEGO测试";
			};
			name = Release;
		};
		D6A9402A207234D500E8C33A /* Debug */ = {
			isa = XCBuildConfiguration;
			buildSettings = {
				ALWAYS_EMBED_SWIFT_STANDARD_LIBRARIES = YES;
				CODE_SIGN_STYLE = Automatic;
				DEVELOPMENT_TEAM = GM2EX5ALF4;
				INFOPLIST_FILE = "ZEGO测试UITests/Info.plist";
				LD_RUNPATH_SEARCH_PATHS = "$(inherited) @executable_path/Frameworks @loader_path/Frameworks";
				PRODUCT_BUNDLE_IDENTIFIER = "zhaohongya.ZEGO--UITests";
				PRODUCT_NAME = "$(TARGET_NAME)";
				SWIFT_VERSION = 4.0;
				TARGETED_DEVICE_FAMILY = "1,2";
				TEST_TARGET_NAME = "ZEGO测试";
			};
			name = Debug;
		};
		D6A9402B207234D500E8C33A /* Release */ = {
			isa = XCBuildConfiguration;
			buildSettings = {
				ALWAYS_EMBED_SWIFT_STANDARD_LIBRARIES = YES;
				CODE_SIGN_STYLE = Automatic;
				DEVELOPMENT_TEAM = GM2EX5ALF4;
				INFOPLIST_FILE = "ZEGO测试UITests/Info.plist";
				LD_RUNPATH_SEARCH_PATHS = "$(inherited) @executable_path/Frameworks @loader_path/Frameworks";
				PRODUCT_BUNDLE_IDENTIFIER = "zhaohongya.ZEGO--UITests";
				PRODUCT_NAME = "$(TARGET_NAME)";
				SWIFT_VERSION = 4.0;
				TARGETED_DEVICE_FAMILY = "1,2";
				TEST_TARGET_NAME = "ZEGO测试";
			};
			name = Release;
		};
/* End XCBuildConfiguration section */

/* Begin XCConfigurationList section */
		D6A93FC62072262800E8C33A /* Build configuration list for PBXProject "ZEGOTest" */ = {
			isa = XCConfigurationList;
			buildConfigurations = (
				D6A93FDB2072262800E8C33A /* Debug */,
				D6A93FDC2072262800E8C33A /* Release */,
			);
			defaultConfigurationIsVisible = 0;
			defaultConfigurationName = Release;
		};
		D6A93FDD2072262800E8C33A /* Build configuration list for PBXNativeTarget "ZEGOTest" */ = {
			isa = XCConfigurationList;
			buildConfigurations = (
				D6A93FDE2072262800E8C33A /* Debug */,
				D6A93FDF2072262800E8C33A /* Release */,
			);
			defaultConfigurationIsVisible = 0;
			defaultConfigurationName = Release;
		};
		D6A94023207234D500E8C33A /* Build configuration list for PBXNativeTarget "ZEGO测试" */ = {
			isa = XCConfigurationList;
			buildConfigurations = (
				D6A94024207234D500E8C33A /* Debug */,
				D6A94025207234D500E8C33A /* Release */,
			);
			defaultConfigurationIsVisible = 0;
			defaultConfigurationName = Release;
		};
		D6A94026207234D500E8C33A /* Build configuration list for PBXNativeTarget "ZEGO测试Tests" */ = {
			isa = XCConfigurationList;
			buildConfigurations = (
				D6A94027207234D500E8C33A /* Debug */,
				D6A94028207234D500E8C33A /* Release */,
			);
			defaultConfigurationIsVisible = 0;
			defaultConfigurationName = Release;
		};
		D6A94029207234D500E8C33A /* Build configuration list for PBXNativeTarget "ZEGO测试UITests" */ = {
			isa = XCConfigurationList;
			buildConfigurations = (
				D6A9402A207234D500E8C33A /* Debug */,
				D6A9402B207234D500E8C33A /* Release */,
			);
			defaultConfigurationIsVisible = 0;
			defaultConfigurationName = Release;
		};
/* End XCConfigurationList section */
	};
	rootObject = D6A93FC32072262800E8C33A /* Project object */;
}
